<?xml version="1.0" encoding="UTF-8"?>
<Scheme
   LastUpgradeVersion = "0710"
   version = "1.3">
   <BuildAction
      parallelizeBuildables = "YES"
      buildImplicitDependencies = "YES">
      <BuildActionEntries>
         <BuildActionEntry
            buildForTesting = "YES"
            buildForRunning = "YES"
            buildForProfiling = "YES"
            buildForArchiving = "YES"
            buildForAnalyzing = "YES">
            <BuildableReference
               BuildableIdentifier = "primary"
               BlueprintIdentifier = "3F999D431C0E1E1B00F66EE6"
               BuildableName = "Choose Your Own Scooby Doo Haunted House Adventure.app"
               BlueprintName = "Choose Your Own Scooby Doo Haunted House Adventure"
               ReferencedContainer = "container:Choose Your Own Scooby Doo Haunted House Adventure.xcodeproj">
            </BuildableReference>
         </BuildActionEntry>
      </BuildActionEntries>
   </BuildAction>
   <TestAction
      buildConfiguration = "Debug"
      selectedDebuggerIdentifier = "Xcode.DebuggerFoundation.Debugger.LLDB"
      selectedLauncherIdentifier = "Xcode.DebuggerFoundation.Launcher.LLDB"
      shouldUseLaunchSchemeArgsEnv = "YES">
      <Testables>
         <TestableReference
            skipped = "NO">
            <BuildableReference
               BuildableIdentifier = "primary"
               BlueprintIdentifier = "3F999D571C0E1E1C00F66EE6"
               BuildableName = "Choose Your Own Scooby Doo Haunted House AdventureTests.xctest"
               BlueprintName = "Choose Your Own Scooby Doo Haunted House AdventureTests"
               ReferencedContainer = "container:Choose Your Own Scooby Doo Haunted House Adventure.xcodeproj">
            </BuildableReference>
         </TestableReference>
         <TestableReference
            skipped = "NO">
            <BuildableReference
               BuildableIdentifier = "primary"
               BlueprintIdentifier = "3F999D621C0E1E1C00F66EE6"
               BuildableName = "Choose Your Own Scooby Doo Haunted House AdventureUITests.xctest"
               BlueprintName = "Choose Your Own Scooby Doo Haunted House AdventureUITests"
               ReferencedContainer = "container:Choose Your Own Scooby Doo Haunted House Adventure.xcodeproj">
            </BuildableReference>
         </TestableReference>
      </Testables>
      <MacroExpansion>
         <BuildableReference
            BuildableIdentifier = "primary"
            BlueprintIdentifier = "3F999D431C0E1E1B00F66EE6"
            BuildableName = "Choose Your Own Scooby Doo Haunted House Adventure.app"
            BlueprintName = "Choose Your Own Scooby Doo Haunted House Adventure"
            ReferencedContainer = "container:Choose Your Own Scooby Doo Haunted House Adventure.xcodeproj">
         </BuildableReference>
      </MacroExpansion>
      <AdditionalOptions>
      </AdditionalOptions>
   </TestAction>
   <LaunchAction
      buildConfiguration = "Debug"
      selectedDebuggerIdentifier = "Xcode.DebuggerFoundation.Debugger.LLDB"
      selectedLauncherIdentifier = "Xcode.DebuggerFoundation.Launcher.LLDB"
      launchStyle = "0"
      useCustomWorkingDirectory = "NO"
      ignoresPersistentStateOnLaunch = "NO"
      debugDocumentVersioning = "YES"
      debugServiceExtension = "internal"
      allowLocationSimulation = "YES">
      <BuildableProductRunnable
         runnableDebuggingMode = "0">
         <BuildableReference
            BuildableIdentifier = "primary"
            BlueprintIdentifier = "3F999D431C0E1E1B00F66EE6"
            BuildableName = "Choose Your Own Scooby Doo Haunted House Adventure.app"
            BlueprintName = "Choose Your Own Scooby Doo Haunted House Adventure"
            ReferencedContainer = "container:Choose Your Own Scooby Doo Haunted House Adventure.xcodeproj">
         </BuildableReference>
      </BuildableProductRunnable>
      <AdditionalOptions>
      </AdditionalOptions>
   </LaunchAction>
   <ProfileAction
      buildConfiguration = "Release"
      shouldUseLaunchSchemeArgsEnv = "YES"
      savedToolIdentifier = ""
      useCustomWorkingDirectory = "NO"
      debugDocumentVersioning = "YES">
      <BuildableProductRunnable
         runnableDebuggingMode = "0">
         <BuildableReference
            BuildableIdentifier = "primary"
            BlueprintIdentifier = "3F999D431C0E1E1B00F66EE6"
            BuildableName = "Choose Your Own Scooby Doo Haunted House Adventure.app"
            BlueprintName = "Choose Your Own Scooby Doo Haunted House Adventure"
            ReferencedContainer = "container:Choose Your Own Scooby Doo Haunted House Adventure.xcodeproj">
         </BuildableReference>
      </BuildableProductRunnable>
   </ProfileAction>
   <AnalyzeAction
      buildConfiguration = "Debug">
   </AnalyzeAction>
   <ArchiveAction
      buildConfiguration = "Release"
      revealArchiveInOrganizer = "YES">
   </ArchiveAction>
</Scheme>
